// !$*UTF8*$!
{
	archiveVersion = 1;
	classes = {
	};
	objectVersion = 55;
	objects = {

/* Begin PBXBuildFile section */
		D626036127FAB34700E8D85C /* AppDelegate.swift in Sources */ = {isa = PBXBuildFile; fileRef = D626036027FAB34700E8D85C /* AppDelegate.swift */; };
		D626036327FAB34700E8D85C /* SceneDelegate.swift in Sources */ = {isa = PBXBuildFile; fileRef = D626036227FAB34700E8D85C /* SceneDelegate.swift */; };
		D626036527FAB34700E8D85C /* ViewController.swift in Sources */ = {isa = PBXBuildFile; fileRef = D626036427FAB34700E8D85C /* ViewController.swift */; };
		D626036827FAB34700E8D85C /* Main.storyboard in Resources */ = {isa = PBXBuildFile; fileRef = D626036627FAB34700E8D85C /* Main.storyboard */; };
		D626036B27FAB34700E8D85C /* CoreDataExample.xcdatamodeld in Sources */ = {isa = PBXBuildFile; fileRef = D626036927FAB34700E8D85C /* CoreDataExample.xcdatamodeld */; };
		D626036D27FAB35000E8D85C /* Assets.xcassets in Resources */ = {isa = PBXBuildFile; fileRef = D626036C27FAB35000E8D85C /* Assets.xcassets */; };
		D626037027FAB35000E8D85C /* LaunchScreen.storyboard in Resources */ = {isa = PBXBuildFile; fileRef = D626036E27FAB35000E8D85C /* LaunchScreen.storyboard */; };
		D626037927FAB6E800E8D85C /* ToDoListItem+CoreDataClass.swift in Sources */ = {isa = PBXBuildFile; fileRef = D626037727FAB6E800E8D85C /* ToDoListItem+CoreDataClass.swift */; };
		D626037A27FAB6E800E8D85C /* ToDoListItem+CoreDataProperties.swift in Sources */ = {isa = PBXBuildFile; fileRef = D626037827FAB6E800E8D85C /* ToDoListItem+CoreDataProperties.swift */; };
/* End PBXBuildFile section */

/* Begin PBXFileReference section */
		D626035D27FAB34700E8D85C /* CoreDataExample.app */ = {isa = PBXFileReference; explicitFileType = wrapper.application; includeInIndex = 0; path = CoreDataExample.app; sourceTree = BUILT_PRODUCTS_DIR; };
		D626036027FAB34700E8D85C /* AppDelegate.swift */ = {isa = PBXFileReference; lastKnownFileType = sourcecode.swift; path = AppDelegate.swift; sourceTree = "<group>"; };
		D626036227FAB34700E8D85C /* SceneDelegate.swift */ = {isa = PBXFileReference; lastKnownFileType = sourcecode.swift; path = SceneDelegate.swift; sourceTree = "<group>"; };
		D626036427FAB34700E8D85C /* ViewController.swift */ = {isa = PBXFileReference; lastKnownFileType = sourcecode.swift; path = ViewController.swift; sourceTree = "<group>"; };
		D626036727FAB34700E8D85C /* Base */ = {isa = PBXFileReference; lastKnownFileType = file.storyboard; name = Base; path = Base.lproj/Main.storyboard; sourceTree = "<group>"; };
		D626036A27FAB34700E8D85C /* CoreDataExample.xcdatamodel */ = {isa = PBXFileReference; lastKnownFileType = wrapper.xcdatamodel; path = CoreDataExample.xcdatamodel; sourceTree = "<group>"; };
		D626036C27FAB35000E8D85C /* Assets.xcassets */ = {isa = PBXFileReference; lastKnownFileType = folder.assetcatalog; path = Assets.xcassets; sourceTree = "<group>"; };
		D626036F27FAB35000E8D85C /* Base */ = {isa = PBXFileReference; lastKnownFileType = file.storyboard; name = Base; path = Base.lproj/LaunchScreen.storyboard; sourceTree = "<group>"; };
		D626037127FAB35000E8D85C /* Info.plist */ = {isa = PBXFileReference; lastKnownFileType = text.plist.xml; path = Info.plist; sourceTree = "<group>"; };
		D626037727FAB6E800E8D85C /* ToDoListItem+CoreDataClass.swift */ = {isa = PBXFileReference; lastKnownFileType = sourcecode.swift; path = "ToDoListItem+CoreDataClass.swift"; sourceTree = "<group>"; };
		D626037827FAB6E800E8D85C /* ToDoListItem+CoreDataProperties.swift */ = {isa = PBXFileReference; lastKnownFileType = sourcecode.swift; path = "ToDoListItem+CoreDataProperties.swift"; sourceTree = "<group>"; };
/* End PBXFileReference section */

/* Begin PBXFrameworksBuildPhase section */
		D626035A27FAB34700E8D85C /* Frameworks */ = {
			isa = PBXFrameworksBuildPhase;
			buildActionMask = 2147483647;
			files = (
			);
			runOnlyForDeploymentPostprocessing = 0;
		};
/* End PBXFrameworksBuildPhase section */

/* Begin PBXGroup section */
		D626035427FAB34700E8D85C = {
			isa = PBXGroup;
			children = (
				D626035F27FAB34700E8D85C /* CoreDataExample */,
				D626035E27FAB34700E8D85C /* Products */,
			);
			sourceTree = "<group>";
		};
		D626035E27FAB34700E8D85C /* Products */ = {
			isa = PBXGroup;
			children = (
				D626035D27FAB34700E8D85C /* CoreDataExample.app */,
			);
			name = Products;
			sourceTree = "<group>";
		};
		D626035F27FAB34700E8D85C /* CoreDataExample */ = {
			isa = PBXGroup;
			children = (
				D626037B27FAB72A00E8D85C /* ToDoListItem */,
				D626036027FAB34700E8D85C /* AppDelegate.swift */,
				D626036227FAB34700E8D85C /* SceneDelegate.swift */,
				D626036427FAB34700E8D85C /* ViewController.swift */,
				D626036627FAB34700E8D85C /* Main.storyboard */,
				D626036C27FAB35000E8D85C /* Assets.xcassets */,
				D626036E27FAB35000E8D85C /* LaunchScreen.storyboard */,
				D626037127FAB35000E8D85C /* Info.plist */,
				D626036927FAB34700E8D85C /* CoreDataExample.xcdatamodeld */,
			);
			path = CoreDataExample;
			sourceTree = "<group>";
		};
		D626037B27FAB72A00E8D85C /* ToDoListItem */ = {
			isa = PBXGroup;
			children = (
				D626037727FAB6E800E8D85C /* ToDoListItem+CoreDataClass.swift */,
				D626037827FAB6E800E8D85C /* ToDoListItem+CoreDataProperties.swift */,
			);
			path = ToDoListItem;
			sourceTree = "<group>";
		};
/* End PBXGroup section */

/* Begin PBXNativeTarget section */
		D626035C27FAB34700E8D85C /* CoreDataExample */ = {
			isa = PBXNativeTarget;
			buildConfigurationList = D626037427FAB35000E8D85C /* Build configuration list for PBXNativeTarget "CoreDataExample" */;
			buildPhases = (
				D626035927FAB34700E8D85C /* Sources */,
				D626035A27FAB34700E8D85C /* Frameworks */,
				D626035B27FAB34700E8D85C /* Resources */,
			);
			buildRules = (
			);
			dependencies = (
			);
			name = CoreDataExample;
			productName = CoreDataExample;
			productReference = D626035D27FAB34700E8D85C /* CoreDataExample.app */;
			productType = "com.apple.product-type.application";
		};
/* End PBXNativeTarget section */

/* Begin PBXProject section */
		D626035527FAB34700E8D85C /* Project object */ = {
			isa = PBXProject;
			attributes = {
				BuildIndependentTargetsInParallel = 1;
				LastSwiftUpdateCheck = 1330;
				LastUpgradeCheck = 1330;
				TargetAttributes = {
					D626035C27FAB34700E8D85C = {
						CreatedOnToolsVersion = 13.3;
					};
				};
			};
			buildConfigurationList = D626035827FAB34700E8D85C /* Build configuration list for PBXProject "CoreDataExample" */;
			compatibilityVersion = "Xcode 13.0";
			developmentRegion = en;
			hasScannedForEncodings = 0;
			knownRegions = (
				en,
				Base,
			);
			mainGroup = D626035427FAB34700E8D85C;
			productRefGroup = D626035E27FAB34700E8D85C /* Products */;
			projectDirPath = "";
			projectRoot = "";
			targets = (
				D626035C27FAB34700E8D85C /* CoreDataExample */,
			);
		};
/* End PBXProject section */

/* Begin PBXResourcesBuildPhase section */
		D626035B27FAB34700E8D85C /* Resources */ = {
			isa = PBXResourcesBuildPhase;
			buildActionMask = 2147483647;
			files = (
				D626037027FAB35000E8D85C /* LaunchScreen.storyboard in Resources */,
				D626036D27FAB35000E8D85C /* Assets.xcassets in Resources */,
				D626036827FAB34700E8D85C /* Main.storyboard in Resources */,
			);
			runOnlyForDeploymentPostprocessing = 0;
		};
/* End PBXResourcesBuildPhase section */

/* Begin PBXSourcesBuildPhase section */
		D626035927FAB34700E8D85C /* Sources */ = {
			isa = PBXSourcesBuildPhase;
			buildActionMask = 2147483647;
			files = (
				D626036527FAB34700E8D85C /* ViewController.swift in Sources */,
				D626036127FAB34700E8D85C /* AppDelegate.swift in Sources */,
				D626036327FAB34700E8D85C /* SceneDelegate.swift in Sources */,
				D626037927FAB6E800E8D85C /* ToDoListItem+CoreDataClass.swift in Sources */,
				D626037A27FAB6E800E8D85C /* ToDoListItem+CoreDataProperties.swift in Sources */,
				D626036B27FAB34700E8D85C /* CoreDataExample.xcdatamodeld in Sources */,
			);
			runOnlyForDeploymentPostprocessing = 0;
		};
/* End PBXSourcesBuildPhase section */

/* Begin PBXVariantGroup section */
		D626036627FAB34700E8D85C /* Main.storyboard */ = {
			isa = PBXVariantGroup;
			children = (
				D626036727FAB34700E8D85C /* Base */,
			);
			name = Main.storyboard;
			sourceTree = "<group>";
		};
		D626036E27FAB35000E8D85C /* LaunchScreen.storyboard */ = {
			isa = PBXVariantGroup;
			children = (
				D626036F27FAB35000E8D85C /* Base */,
			);
			name = LaunchScreen.storyboard;
			sourceTree = "<group>";
		};
/* End PBXVariantGroup section */

/* Begin XCBuildConfiguration section */
		D626037227FAB35000E8D85C /* Debug */ = {
			isa = XCBuildConfiguration;
			buildSettings = {
				ALWAYS_SEARCH_USER_PATHS = NO;
				CLANG_ANALYZER_NONNULL = YES;
				CLANG_ANALYZER_NUMBER_OBJECT_CONVERSION = YES_AGGRESSIVE;
				CLANG_CXX_LANGUAGE_STANDARD = "gnu++17";
				CLANG_ENABLE_MODULES = YES;
				CLANG_ENABLE_OBJC_ARC = YES;
				CLANG_ENABLE_OBJC_WEAK = YES;
				CLANG_WARN_BLOCK_CAPTURE_AUTORELEASING = YES;
				CLANG_WARN_BOOL_CONVERSION = YES;
				CLANG_WARN_COMMA = YES;
				CLANG_WARN_CONSTANT_CONVERSION = YES;
				CLANG_WARN_DEPRECATED_OBJC_IMPLEMENTATIONS = YES;
				CLANG_WARN_DIRECT_OBJC_ISA_USAGE = YES_ERROR;
				CLANG_WARN_DOCUMENTATION_COMMENTS = YES;
				CLANG_WARN_EMPTY_BODY = YES;
				CLANG_WARN_ENUM_CONVERSION = YES;
				CLANG_WARN_INFINITE_RECURSION = YES;
				CLANG_WARN_INT_CONVERSION = YES;
				CLANG_WARN_NON_LITERAL_NULL_CONVERSION = YES;
				CLANG_WARN_OBJC_IMPLICIT_RETAIN_SELF = YES;
				CLANG_WARN_OBJC_LITERAL_CONVERSION = YES;
				CLANG_WARN_OBJC_ROOT_CLASS = YES_ERROR;
				CLANG_WARN_QUOTED_INCLUDE_IN_FRAMEWORK_HEADER = YES;
				CLANG_WARN_RANGE_LOOP_ANALYSIS = YES;
				CLANG_WARN_STRICT_PROTOTYPES = YES;
				CLANG_WARN_SUSPICIOUS_MOVE = YES;
				CLANG_WARN_UNGUARDED_AVAILABILITY = YES_AGGRESSIVE;
				CLANG_WARN_UNREACHABLE_CODE = YES;
				CLANG_WARN__DUPLICATE_METHOD_MATCH = YES;
				COPY_PHASE_STRIP = NO;
				DEBUG_INFORMATION_FORMAT = dwarf;
				ENABLE_STRICT_OBJC_MSGSEND = YES;
				ENABLE_TESTABILITY = YES;
				GCC_C_LANGUAGE_STANDARD = gnu11;
				GCC_DYNAMIC_NO_PIC = NO;
				GCC_NO_COMMON_BLOCKS = YES;
				GCC_OPTIMIZATION_LEVEL = 0;
				GCC_PREPROCESSOR_DEFINITIONS = (
					"DEBUG=1",
					"$(inherited)",
				);
				GCC_WARN_64_TO_32_BIT_CONVERSION = YES;
				GCC_WARN_ABOUT_RETURN_TYPE = YES_ERROR;
				GCC_WARN_UNDECLARED_SELECTOR = YES;
				GCC_WARN_UNINITIALIZED_AUTOS = YES_AGGRESSIVE;
				GCC_WARN_UNUSED_FUNCTION = YES;
				GCC_WARN_UNUSED_VARIABLE = YES;
				IPHONEOS_DEPLOYMENT_TARGET = 15.4;
				MTL_ENABLE_DEBUG_INFO = INCLUDE_SOURCE;
				MTL_FAST_MATH = YES;
				ONLY_ACTIVE_ARCH = YES;
				SDKROOT = iphoneos;
				SWIFT_ACTIVE_COMPILATION_CONDITIONS = DEBUG;
				SWIFT_OPTIMIZATION_LEVEL = "-Onone";
			};
			name = Debug;
		};
		D626037327FAB35000E8D85C /* Release */ = {
			isa = XCBuildConfiguration;
			buildSettings = {
				ALWAYS_SEARCH_USER_PATHS = NO;
				CLANG_ANALYZER_NONNULL = YES;
				CLANG_ANALYZER_NUMBER_OBJECT_CONVERSION = YES_AGGRESSIVE;
				CLANG_CXX_LANGUAGE_STANDARD = "gnu++17";
				CLANG_ENABLE_MODULES = YES;
				CLANG_ENABLE_OBJC_ARC = YES;
				CLANG_ENABLE_OBJC_WEAK = YES;
				CLANG_WARN_BLOCK_CAPTURE_AUTORELEASING = YES;
				CLANG_WARN_BOOL_CONVERSION = YES;
				CLANG_WARN_COMMA = YES;
				CLANG_WARN_CONSTANT_CONVERSION = YES;
				CLANG_WARN_DEPRECATED_OBJC_IMPLEMENTATIONS = YES;
				CLANG_WARN_DIRECT_OBJC_ISA_USAGE = YES_ERROR;
				CLANG_WARN_DOCUMENTATION_COMMENTS = YES;
				CLANG_WARN_EMPTY_BODY = YES;
				CLANG_WARN_ENUM_CONVERSION = YES;
				CLANG_WARN_INFINITE_RECURSION = YES;
				CLANG_WARN_INT_CONVERSION = YES;
				CLANG_WARN_NON_LITERAL_NULL_CONVERSION = YES;
				CLANG_WARN_OBJC_IMPLICIT_RETAIN_SELF = YES;
				CLANG_WARN_OBJC_LITERAL_CONVERSION = YES;
				CLANG_WARN_OBJC_ROOT_CLASS = YES_ERROR;
				CLANG_WARN_QUOTED_INCLUDE_IN_FRAMEWORK_HEADER = YES;
				CLANG_WARN_RANGE_LOOP_ANALYSIS = YES;
				CLANG_WARN_STRICT_PROTOTYPES = YES;
				CLANG_WARN_SUSPICIOUS_MOVE = YES;
				CLANG_WARN_UNGUARDED_AVAILABILITY = YES_AGGRESSIVE;
				CLANG_WARN_UNREACHABLE_CODE = YES;
				CLANG_WARN__DUPLICATE_METHOD_MATCH = YES;
				COPY_PHASE_STRIP = NO;
				DEBUG_INFORMATION_FORMAT = "dwarf-with-dsym";
				ENABLE_NS_ASSERTIONS = NO;
				ENABLE_STRICT_OBJC_MSGSEND = YES;
				GCC_C_LANGUAGE_STANDARD = gnu11;
				GCC_NO_COMMON_BLOCKS = YES;
				GCC_WARN_64_TO_32_BIT_CONVERSION = YES;
				GCC_WARN_ABOUT_RETURN_TYPE = YES_ERROR;
				GCC_WARN_UNDECLARED_SELECTOR = YES;
				GCC_WARN_UNINITIALIZED_AUTOS = YES_AGGRESSIVE;
				GCC_WARN_UNUSED_FUNCTION = YES;
				GCC_WARN_UNUSED_VARIABLE = YES;
				IPHONEOS_DEPLOYMENT_TARGET = 15.4;
				MTL_ENABLE_DEBUG_INFO = NO;
				MTL_FAST_MATH = YES;
				SDKROOT = iphoneos;
				SWIFT_COMPILATION_MODE = wholemodule;
				SWIFT_OPTIMIZATION_LEVEL = "-O";
				VALIDATE_PRODUCT = YES;
			};
			name = Release;
		};
		D626037527FAB35000E8D85C /* Debug */ = {
			isa = XCBuildConfiguration;
			buildSettings = {
				ASSETCATALOG_COMPILER_APPICON_NAME = AppIcon;
				ASSETCATALOG_COMPILER_GLOBAL_ACCENT_COLOR_NAME = AccentColor;
				CODE_SIGN_STYLE = Automatic;
				CURRENT_PROJECT_VERSION = 1;
				DEVELOPMENT_TEAM = GQ3GK732NH;
				GENERATE_INFOPLIST_FILE = YES;
				INFOPLIST_FILE = CoreDataExample/Info.plist;
				INFOPLIST_KEY_UIApplicationSupportsIndirectInputEvents = YES;
				INFOPLIST_KEY_UILaunchStoryboardName = LaunchScreen;
				INFOPLIST_KEY_UIMainStoryboardFile = Main;
				INFOPLIST_KEY_UISupportedInterfaceOrientations_iPad = "UIInterfaceOrientationPortrait UIInterfaceOrientationPortraitUpsideDown UIInterfaceOrientationLandscapeLeft UIInterfaceOrientationLandscapeRight";
				INFOPLIST_KEY_UISupportedInterfaceOrientations_iPhone = "UIInterfaceOrientationPortrait UIInterfaceOrientationLandscapeLeft UIInterfaceOrientationLandscapeRight";
				LD_RUNPATH_SEARCH_PATHS = (
					"$(inherited)",
					"@executable_path/Frameworks",
				);
				MARKETING_VERSION = 1.0;
				PRODUCT_BUNDLE_IDENTIFIER = com.shyngyssatkan.CoreDataExample;
				PRODUCT_NAME = "$(TARGET_NAME)";
				SWIFT_EMIT_LOC_STRINGS = YES;
				SWIFT_VERSION = 5.0;
				TARGETED_DEVICE_FAMILY = "1,2";
			};
			name = Debug;
		};
		D626037627FAB35000E8D85C /* Release */ = {
			isa = XCBuildConfiguration;
			buildSettings = {
				ASSETCATALOG_COMPILER_APPICON_NAME = AppIcon;
				ASSETCATALOG_COMPILER_GLOBAL_ACCENT_COLOR_NAME = AccentColor;
				CODE_SIGN_STYLE = Automatic;
				CURRENT_PROJECT_VERSION = 1;
				DEVELOPMENT_TEAM = GQ3GK732NH;
				GENERATE_INFOPLIST_FILE = YES;
				INFOPLIST_FILE = CoreDataExample/Info.plist;
				INFOPLIST_KEY_UIApplicationSupportsIndirectInputEvents = YES;
				INFOPLIST_KEY_UILaunchStoryboardName = LaunchScreen;
				INFOPLIST_KEY_UIMainStoryboardFile = Main;
				INFOPLIST_KEY_UISupportedInterfaceOrientations_iPad = "UIInterfaceOrientationPortrait UIInterfaceOrientationPortraitUpsideDown UIInterfaceOrientationLandscapeLeft UIInterfaceOrientationLandscapeRight";
				INFOPLIST_KEY_UISupportedInterfaceOrientations_iPhone = "UIInterfaceOrientationPortrait UIInterfaceOrientationLandscapeLeft UIInterfaceOrientationLandscapeRight";
				LD_RUNPATH_SEARCH_PATHS = (
					"$(inherited)",
					"@executable_path/Frameworks",
				);
				MARKETING_VERSION = 1.0;
				PRODUCT_BUNDLE_IDENTIFIER = com.shyngyssatkan.CoreDataExample;
				PRODUCT_NAME = "$(TARGET_NAME)";
				SWIFT_EMIT_LOC_STRINGS = YES;
				SWIFT_VERSION = 5.0;
				TARGETED_DEVICE_FAMILY = "1,2";
			};
			name = Release;
		};
/* End XCBuildConfiguration section */

/* Begin XCConfigurationList section */
		D626035827FAB34700E8D85C /* Build configuration list for PBXProject "CoreDataExample" */ = {
			isa = XCConfigurationList;
			buildConfigurations = (
				D626037227FAB35000E8D85C /* Debug */,
				D626037327FAB35000E8D85C /* Release */,
			);
			defaultConfigurationIsVisible = 0;
			defaultConfigurationName = Release;
		};
		D626037427FAB35000E8D85C /* Build configuration list for PBXNativeTarget "CoreDataExample" */ = {
			isa = XCConfigurationList;
			buildConfigurations = (
				D626037527FAB35000E8D85C /* Debug */,
				D626037627FAB35000E8D85C /* Release */,
			);
			defaultConfigurationIsVisible = 0;
			defaultConfigurationName = Release;
		};
/* End XCConfigurationList section */

/* Begin XCVersionGroup section */
		D626036927FAB34700E8D85C /* CoreDataExample.xcdatamodeld */ = {
			isa = XCVersionGroup;
			children = (
				D626036A27FAB34700E8D85C /* CoreDataExample.xcdatamodel */,
			);
			currentVersion = D626036A27FAB34700E8D85C /* CoreDataExample.xcdatamodel */;
			path = CoreDataExample.xcdatamodeld;
			sourceTree = "<group>";
			versionGroupType = wrapper.xcdatamodel;
		};
/* End XCVersionGroup section */
	};
	rootObject = D626035527FAB34700E8D85C /* Project object */;
}
